
Microsoft Visual Studio Solution File, Format Version 12.00
# Visual Studio 15
VisualStudioVersion = 15.0.27428.1
MinimumVisualStudioVersion = 10.0.40219.1
Project("{FAE04EC0-301F-11D3-BF4B-00C04F79EFBC}") = "BMgr", "BMgr\BMgr.csproj", "{6DCD6579-5A51-4C3D-B7E5-234250898E74}"
EndProject
Global
	GlobalSection(SolutionConfigurationPlatforms) = preSolution
		Debug|Any CPU = Debug|Any CPU
		Release|Any CPU = Release|Any CPU
	EndGlobalSection
	GlobalSection(ProjectConfigurationPlatforms) = postSolution
		{6DCD6579-5A51-4C3D-B7E5-234250898E74}.Debug|Any CPU.ActiveCfg = Debug|Any CPU
		{6DCD6579-5A51-4C3D-B7E5-234250898E74}.Debug|Any CPU.Build.0 = Debug|Any CPU
		{6DCD6579-5A51-4C3D-B7E5-234250898E74}.Release|Any CPU.ActiveCfg = Release|Any CPU
		{6DCD6579-5A51-4C3D-B7E5-234250898E74}.Release|Any CPU.Build.0 = Release|Any CPU
	EndGlobalSection
	GlobalSection(SolutionProperties) = preSolution
		HideSolutionNode = FALSE
	EndGlobalSection
	GlobalSection(ExtensibilityGlobals) = postSolution
		SolutionGuid = {C6E3FFA1-8ADF-47FD-982F-3ABBAA166D13}
	EndGlobalSection
EndGlobal
